dependencies:
- name: kratos
  repository: https://k8s.ory.sh/helm/charts
  version: 0.21.5
- name: minio
  repository: https://charts.bitnami.com/bitnami
  version: 12.6.5
- name: redis
  repository: https://charts.bitnami.com/bitnami
  version: 16.13.2
- name: postgresql
  repository: https://charts.bitnami.com/bitnami
  version: 11.6.2
digest: sha256:71fb681c8600d63b8b1d418bec434441497280ea460c4d59e43e49dc9370b6f7
generated: "2023-07-06T09:32:34.465257+02:00"
