dependencies:
- name: minio
  repository: https://charts.bitnami.com/bitnami
  version: 12.6.5
- name: redis
  repository: https://charts.bitnami.com/bitnami
  version: 16.13.2
- name: postgresql
  repository: https://charts.bitnami.com/bitnami
  version: 11.9.13
digest: sha256:7e8013d0e866a95310d1e1b15ef7269e10eeccf2a6f7c4fee82641ff8fa91a69
generated: "2024-02-16T19:44:47.898983+01:00"
